// !$*UTF8*$!
{
	archiveVersion = 1;
	classes = {
	};
	objectVersion = 46;
	objects = {

/* Begin PBXBuildFile section */
		359BFCF41C52F27C001C4169 /* AppDelegate.swift in Sources */ = {isa = PBXBuildFile; fileRef = 359BFCF31C52F27C001C4169 /* AppDelegate.swift */; };
		359BFCF61C52F27C001C4169 /* ViewController.swift in Sources */ = {isa = PBXBuildFile; fileRef = 359BFCF51C52F27C001C4169 /* ViewController.swift */; };
		359BFCF91C52F27C001C4169 /* Main.storyboard in Resources */ = {isa = PBXBuildFile; fileRef = 359BFCF71C52F27C001C4169 /* Main.storyboard */; };
		359BFCFC1C52F27C001C4169 /* pokedex.xcdatamodeld in Sources */ = {isa = PBXBuildFile; fileRef = 359BFCFA1C52F27C001C4169 /* pokedex.xcdatamodeld */; };
		359BFCFE1C52F27C001C4169 /* Assets.xcassets in Resources */ = {isa = PBXBuildFile; fileRef = 359BFCFD1C52F27C001C4169 /* Assets.xcassets */; };
		359BFD011C52F27C001C4169 /* LaunchScreen.storyboard in Resources */ = {isa = PBXBuildFile; fileRef = 359BFCFF1C52F27C001C4169 /* LaunchScreen.storyboard */; };
		359BFD091C52F49E001C4169 /* pokemon.csv in Resources */ = {isa = PBXBuildFile; fileRef = 359BFD081C52F49E001C4169 /* pokemon.csv */; };
		359BFD0C1C52F58D001C4169 /* pokemon.swift in Sources */ = {isa = PBXBuildFile; fileRef = 359BFD0B1C52F58D001C4169 /* pokemon.swift */; };
/* End PBXBuildFile section */

/* Begin PBXFileReference section */
		359BFCF01C52F27C001C4169 /* pokedex.app */ = {isa = PBXFileReference; explicitFileType = wrapper.application; includeInIndex = 0; path = pokedex.app; sourceTree = BUILT_PRODUCTS_DIR; };
		359BFCF31C52F27C001C4169 /* AppDelegate.swift */ = {isa = PBXFileReference; lastKnownFileType = sourcecode.swift; path = AppDelegate.swift; sourceTree = "<group>"; };
		359BFCF51C52F27C001C4169 /* ViewController.swift */ = {isa = PBXFileReference; lastKnownFileType = sourcecode.swift; path = ViewController.swift; sourceTree = "<group>"; };
		359BFCF81C52F27C001C4169 /* Base */ = {isa = PBXFileReference; lastKnownFileType = file.storyboard; name = Base; path = Base.lproj/Main.storyboard; sourceTree = "<group>"; };
		359BFCFB1C52F27C001C4169 /* pokedex.xcdatamodel */ = {isa = PBXFileReference; lastKnownFileType = wrapper.xcdatamodel; path = pokedex.xcdatamodel; sourceTree = "<group>"; };
		359BFCFD1C52F27C001C4169 /* Assets.xcassets */ = {isa = PBXFileReference; lastKnownFileType = folder.assetcatalog; path = Assets.xcassets; sourceTree = "<group>"; };
		359BFD001C52F27C001C4169 /* Base */ = {isa = PBXFileReference; lastKnownFileType = file.storyboard; name = Base; path = Base.lproj/LaunchScreen.storyboard; sourceTree = "<group>"; };
		359BFD021C52F27C001C4169 /* Info.plist */ = {isa = PBXFileReference; lastKnownFileType = text.plist.xml; path = Info.plist; sourceTree = "<group>"; };
		359BFD081C52F49E001C4169 /* pokemon.csv */ = {isa = PBXFileReference; fileEncoding = 4; lastKnownFileType = text; path = pokemon.csv; sourceTree = "<group>"; };
		359BFD0B1C52F58D001C4169 /* pokemon.swift */ = {isa = PBXFileReference; fileEncoding = 4; lastKnownFileType = sourcecode.swift; path = pokemon.swift; sourceTree = "<group>"; };
/* End PBXFileReference section */

/* Begin PBXFrameworksBuildPhase section */
		359BFCED1C52F27C001C4169 /* Frameworks */ = {
			isa = PBXFrameworksBuildPhase;
			buildActionMask = 2147483647;
			files = (
			);
			runOnlyForDeploymentPostprocessing = 0;
		};
/* End PBXFrameworksBuildPhase section */

/* Begin PBXGroup section */
		359BFCE71C52F27C001C4169 = {
			isa = PBXGroup;
			children = (
				359BFCF21C52F27C001C4169 /* pokedex */,
				359BFCF11C52F27C001C4169 /* Products */,
			);
			sourceTree = "<group>";
		};
		359BFCF11C52F27C001C4169 /* Products */ = {
			isa = PBXGroup;
			children = (
				359BFCF01C52F27C001C4169 /* pokedex.app */,
			);
			name = Products;
			sourceTree = "<group>";
		};
		359BFCF21C52F27C001C4169 /* pokedex */ = {
			isa = PBXGroup;
			children = (
				359BFD0A1C52F573001C4169 /* Model */,
				359BFCF31C52F27C001C4169 /* AppDelegate.swift */,
				359BFCF51C52F27C001C4169 /* ViewController.swift */,
				359BFCF71C52F27C001C4169 /* Main.storyboard */,
				359BFCFD1C52F27C001C4169 /* Assets.xcassets */,
				359BFCFF1C52F27C001C4169 /* LaunchScreen.storyboard */,
				359BFD021C52F27C001C4169 /* Info.plist */,
				359BFCFA1C52F27C001C4169 /* pokedex.xcdatamodeld */,
				359BFD081C52F49E001C4169 /* pokemon.csv */,
			);
			path = pokedex;
			sourceTree = "<group>";
		};
		359BFD0A1C52F573001C4169 /* Model */ = {
			isa = PBXGroup;
			children = (
				359BFD0B1C52F58D001C4169 /* pokemon.swift */,
			);
			name = Model;
			sourceTree = "<group>";
		};
/* End PBXGroup section */

/* Begin PBXNativeTarget section */
		359BFCEF1C52F27C001C4169 /* pokedex */ = {
			isa = PBXNativeTarget;
			buildConfigurationList = 359BFD051C52F27C001C4169 /* Build configuration list for PBXNativeTarget "pokedex" */;
			buildPhases = (
				359BFCEC1C52F27C001C4169 /* Sources */,
				359BFCED1C52F27C001C4169 /* Frameworks */,
				359BFCEE1C52F27C001C4169 /* Resources */,
			);
			buildRules = (
			);
			dependencies = (
			);
			name = pokedex;
			productName = pokedex;
			productReference = 359BFCF01C52F27C001C4169 /* pokedex.app */;
			productType = "com.apple.product-type.application";
		};
/* End PBXNativeTarget section */

/* Begin PBXProject section */
		359BFCE81C52F27C001C4169 /* Project object */ = {
			isa = PBXProject;
			attributes = {
				LastSwiftUpdateCheck = 0720;
				LastUpgradeCheck = 0720;
				ORGANIZATIONNAME = Personal;
				TargetAttributes = {
					359BFCEF1C52F27C001C4169 = {
						CreatedOnToolsVersion = 7.2;
					};
				};
			};
			buildConfigurationList = 359BFCEB1C52F27C001C4169 /* Build configuration list for PBXProject "pokedex" */;
			compatibilityVersion = "Xcode 3.2";
			developmentRegion = English;
			hasScannedForEncodings = 0;
			knownRegions = (
				en,
				Base,
			);
			mainGroup = 359BFCE71C52F27C001C4169;
			productRefGroup = 359BFCF11C52F27C001C4169 /* Products */;
			projectDirPath = "";
			projectRoot = "";
			targets = (
				359BFCEF1C52F27C001C4169 /* pokedex */,
			);
		};
/* End PBXProject section */

/* Begin PBXResourcesBuildPhase section */
		359BFCEE1C52F27C001C4169 /* Resources */ = {
			isa = PBXResourcesBuildPhase;
			buildActionMask = 2147483647;
			files = (
				359BFD011C52F27C001C4169 /* LaunchScreen.storyboard in Resources */,
				359BFCFE1C52F27C001C4169 /* Assets.xcassets in Resources */,
				359BFD091C52F49E001C4169 /* pokemon.csv in Resources */,
				359BFCF91C52F27C001C4169 /* Main.storyboard in Resources */,
			);
			runOnlyForDeploymentPostprocessing = 0;
		};
/* End PBXResourcesBuildPhase section */

/* Begin PBXSourcesBuildPhase section */
		359BFCEC1C52F27C001C4169 /* Sources */ = {
			isa = PBXSourcesBuildPhase;
			buildActionMask = 2147483647;
			files = (
				359BFCFC1C52F27C001C4169 /* pokedex.xcdatamodeld in Sources */,
				359BFD0C1C52F58D001C4169 /* pokemon.swift in Sources */,
				359BFCF61C52F27C001C4169 /* ViewController.swift in Sources */,
				359BFCF41C52F27C001C4169 /* AppDelegate.swift in Sources */,
			);
			runOnlyForDeploymentPostprocessing = 0;
		};
/* End PBXSourcesBuildPhase section */

/* Begin PBXVariantGroup section */
		359BFCF71C52F27C001C4169 /* Main.storyboard */ = {
			isa = PBXVariantGroup;
			children = (
				359BFCF81C52F27C001C4169 /* Base */,
			);
			name = Main.storyboard;
			sourceTree = "<group>";
		};
		359BFCFF1C52F27C001C4169 /* LaunchScreen.storyboard */ = {
			isa = PBXVariantGroup;
			children = (
				359BFD001C52F27C001C4169 /* Base */,
			);
			name = LaunchScreen.storyboard;
			sourceTree = "<group>";
		};
/* End PBXVariantGroup section */

/* Begin XCBuildConfiguration section */
		359BFD031C52F27C001C4169 /* Debug */ = {
			isa = XCBuildConfiguration;
			buildSettings = {
				ALWAYS_SEARCH_USER_PATHS = NO;
				CLANG_CXX_LANGUAGE_STANDARD = "gnu++0x";
				CLANG_CXX_LIBRARY = "libc++";
				CLANG_ENABLE_MODULES = YES;
				CLANG_ENABLE_OBJC_ARC = YES;
				CLANG_WARN_BOOL_CONVERSION = YES;
				CLANG_WARN_CONSTANT_CONVERSION = YES;
				CLANG_WARN_DIRECT_OBJC_ISA_USAGE = YES_ERROR;
				CLANG_WARN_EMPTY_BODY = YES;
				CLANG_WARN_ENUM_CONVERSION = YES;
				CLANG_WARN_INT_CONVERSION = YES;
				CLANG_WARN_OBJC_ROOT_CLASS = YES_ERROR;
				CLANG_WARN_UNREACHABLE_CODE = YES;
				CLANG_WARN__DUPLICATE_METHOD_MATCH = YES;
				"CODE_SIGN_IDENTITY[sdk=iphoneos*]" = "iPhone Developer";
				COPY_PHASE_STRIP = NO;
				DEBUG_INFORMATION_FORMAT = dwarf;
				ENABLE_STRICT_OBJC_MSGSEND = YES;
				ENABLE_TESTABILITY = YES;
				GCC_C_LANGUAGE_STANDARD = gnu99;
				GCC_DYNAMIC_NO_PIC = NO;
				GCC_NO_COMMON_BLOCKS = YES;
				GCC_OPTIMIZATION_LEVEL = 0;
				GCC_PREPROCESSOR_DEFINITIONS = (
					"DEBUG=1",
					"$(inherited)",
				);
				GCC_WARN_64_TO_32_BIT_CONVERSION = YES;
				GCC_WARN_ABOUT_RETURN_TYPE = YES_ERROR;
				GCC_WARN_UNDECLARED_SELECTOR = YES;
				GCC_WARN_UNINITIALIZED_AUTOS = YES_AGGRESSIVE;
				GCC_WARN_UNUSED_FUNCTION = YES;
				GCC_WARN_UNUSED_VARIABLE = YES;
				IPHONEOS_DEPLOYMENT_TARGET = 9.2;
				MTL_ENABLE_DEBUG_INFO = YES;
				ONLY_ACTIVE_ARCH = YES;
				SDKROOT = iphoneos;
				SWIFT_OPTIMIZATION_LEVEL = "-Onone";
			};
			name = Debug;
		};
		359BFD041C52F27C001C4169 /* Release */ = {
			isa = XCBuildConfiguration;
			buildSettings = {
				ALWAYS_SEARCH_USER_PATHS = NO;
				CLANG_CXX_LANGUAGE_STANDARD = "gnu++0x";
				CLANG_CXX_LIBRARY = "libc++";
				CLANG_ENABLE_MODULES = YES;
				CLANG_ENABLE_OBJC_ARC = YES;
				CLANG_WARN_BOOL_CONVERSION = YES;
				CLANG_WARN_CONSTANT_CONVERSION = YES;
				CLANG_WARN_DIRECT_OBJC_ISA_USAGE = YES_ERROR;
				CLANG_WARN_EMPTY_BODY = YES;
				CLANG_WARN_ENUM_CONVERSION = YES;
				CLANG_WARN_INT_CONVERSION = YES;
				CLANG_WARN_OBJC_ROOT_CLASS = YES_ERROR;
				CLANG_WARN_UNREACHABLE_CODE = YES;
				CLANG_WARN__DUPLICATE_METHOD_MATCH = YES;
				"CODE_SIGN_IDENTITY[sdk=iphoneos*]" = "iPhone Developer";
				COPY_PHASE_STRIP = NO;
				DEBUG_INFORMATION_FORMAT = "dwarf-with-dsym";
				ENABLE_NS_ASSERTIONS = NO;
				ENABLE_STRICT_OBJC_MSGSEND = YES;
				GCC_C_LANGUAGE_STANDARD = gnu99;
				GCC_NO_COMMON_BLOCKS = YES;
				GCC_WARN_64_TO_32_BIT_CONVERSION = YES;
				GCC_WARN_ABOUT_RETURN_TYPE = YES_ERROR;
				GCC_WARN_UNDECLARED_SELECTOR = YES;
				GCC_WARN_UNINITIALIZED_AUTOS = YES_AGGRESSIVE;
				GCC_WARN_UNUSED_FUNCTION = YES;
				GCC_WARN_UNUSED_VARIABLE = YES;
				IPHONEOS_DEPLOYMENT_TARGET = 9.2;
				MTL_ENABLE_DEBUG_INFO = NO;
				SDKROOT = iphoneos;
				VALIDATE_PRODUCT = YES;
			};
			name = Release;
		};
		359BFD061C52F27C001C4169 /* Debug */ = {
			isa = XCBuildConfiguration;
			buildSettings = {
				ASSETCATALOG_COMPILER_APPICON_NAME = AppIcon;
				INFOPLIST_FILE = pokedex/Info.plist;
				LD_RUNPATH_SEARCH_PATHS = "$(inherited) @executable_path/Frameworks";
				PRODUCT_BUNDLE_IDENTIFIER = com.Personal.pokedex;
				PRODUCT_NAME = "$(TARGET_NAME)";
			};
			name = Debug;
		};
		359BFD071C52F27C001C4169 /* Release */ = {
			isa = XCBuildConfiguration;
			buildSettings = {
				ASSETCATALOG_COMPILER_APPICON_NAME = AppIcon;
				INFOPLIST_FILE = pokedex/Info.plist;
				LD_RUNPATH_SEARCH_PATHS = "$(inherited) @executable_path/Frameworks";
				PRODUCT_BUNDLE_IDENTIFIER = com.Personal.pokedex;
				PRODUCT_NAME = "$(TARGET_NAME)";
			};
			name = Release;
		};
/* End XCBuildConfiguration section */

/* Begin XCConfigurationList section */
		359BFCEB1C52F27C001C4169 /* Build configuration list for PBXProject "pokedex" */ = {
			isa = XCConfigurationList;
			buildConfigurations = (
				359BFD031C52F27C001C4169 /* Debug */,
				359BFD041C52F27C001C4169 /* Release */,
			);
			defaultConfigurationIsVisible = 0;
			defaultConfigurationName = Release;
		};
		359BFD051C52F27C001C4169 /* Build configuration list for PBXNativeTarget "pokedex" */ = {
			isa = XCConfigurationList;
			buildConfigurations = (
				359BFD061C52F27C001C4169 /* Debug */,
				359BFD071C52F27C001C4169 /* Release */,
			);
			defaultConfigurationIsVisible = 0;
		};
/* End XCConfigurationList section */

/* Begin XCVersionGroup section */
		359BFCFA1C52F27C001C4169 /* pokedex.xcdatamodeld */ = {
			isa = XCVersionGroup;
			children = (
				359BFCFB1C52F27C001C4169 /* pokedex.xcdatamodel */,
			);
			currentVersion = 359BFCFB1C52F27C001C4169 /* pokedex.xcdatamodel */;
			path = pokedex.xcdatamodeld;
			sourceTree = "<group>";
			versionGroupType = wrapper.xcdatamodel;
		};
/* End XCVersionGroup section */
	};
	rootObject = 359BFCE81C52F27C001C4169 /* Project object */;
}
